# This file is automatically @generated by Cargo.
# It is not intended for manual editing.
[[package]]
name = "android-ndk-sys"
version = "0.2.0"
source = "registry+https://github.com/rust-lang/crates.io-index"

[[package]]
name = "android_glue"
version = "0.2.3"
dependencies = [
 "android-ndk-sys 0.2.0 (registry+https://github.com/rust-lang/crates.io-index)",
]

[[package]]
name = "android_glue_icon_example"
version = "0.1.0"
dependencies = [
 "android_glue 0.2.3",
]

[metadata]
"checksum android-ndk-sys 0.2.0 (registry+https://github.com/rust-lang/crates.io-index)" = "3ec6ef28479835db378e2202b3911608e2269405e924fabb02ac3c8fb50284fe"
