# This file is automatically @generated by Cargo.
# It is not intended for manual editing.
[[package]]
name = "android-ndk-sys"
version = "0.2.0"

[[package]]
name = "android_glue"
version = "0.2.3"
dependencies = [
 "android-ndk-sys 0.2.0",
]

[[package]]
name = "android_glue_example"
version = "0.1.0"
dependencies = [
 "android_glue 0.2.3",
]

