# This file is automatically @generated by Cargo.
# It is not intended for manual editing.
[[package]]
name = "android-ndk-sys"
version = "0.1.3"
source = "registry+https://github.com/rust-lang/crates.io-index"

[[package]]
name = "android_glue"
version = "0.2.3"
dependencies = [
 "android-ndk-sys 0.1.3 (registry+https://github.com/rust-lang/crates.io-index)",
]

[[package]]
name = "android_glue_example"
version = "0.1.0"
dependencies = [
 "android_glue 0.2.3",
]

[metadata]
"checksum android-ndk-sys 0.1.3 (registry+https://github.com/rust-lang/crates.io-index)" = "08e677265abb24383bfa7060c8b8c33be88a25a1838254ef6dca2f66957b392e"
